{
  "version": 4,
  "terraform_version": "1.1.7",
  "serial": 3,
  "lineage": "0b1d9ce9-4ec8-6a10-5f0f-9a0fbc20f2ac",
  "outputs": {},
  "resources": [
    {
      "mode": "managed",
      "type": "google_composer_environment",
      "name": "test",
      "provider": "provider[\"registry.terraform.io/hashicorp/google\"]",
      "instances": [
        {
          "schema_version": 0,
          "attributes": {
            "config": [
              {
                "airflow_uri": "https://we95661c9dcb5c12dp-tp.appspot.com",
                "dag_gcs_prefix": "gs://us-central1-example-compose-35a98118-bucket/dags",
                "database_config": [
                  {
                    "machine_type": "db-n1-standard-2"
                  }
                ],
                "encryption_config": [
                  {
                    "kms_key_name": ""
                  }
                ],
                "environment_size": "",
                "gke_cluster": "projects/fiapterraform/zones/us-central1-c/clusters/us-central1-example-compose-35a98118-gke",
                "maintenance_window": [
                  {
                    "end_time": "1970-01-01T04:00:00Z",
                    "recurrence": "FREQ=WEEKLY;BYDAY=FR,SA,SU",
                    "start_time": "1970-01-01T00:00:00Z"
                  }
                ],
                "node_config": [
                  {
                    "disk_size_gb": 100,
                    "ip_allocation_policy": [
                      {
                        "cluster_ipv4_cidr_block": "",
                        "cluster_secondary_range_name": "",
                        "services_ipv4_cidr_block": "",
                        "services_secondary_range_name": "",
                        "use_ip_aliases": false
                      }
                    ],
                    "machine_type": "projects/fiapterraform/zones/us-central1-c/machineTypes/n1-standard-1",
                    "network": "projects/fiapterraform/global/networks/default",
                    "oauth_scopes": [
                      "https://www.googleapis.com/auth/cloud-platform"
                    ],
                    "service_account": "740571459317-compute@developer.gserviceaccount.com",
                    "subnetwork": "",
                    "tags": [],
                    "zone": "projects/fiapterraform/zones/us-central1-c"
                  }
                ],
                "node_count": 3,
                "private_environment_config": [
                  {
                    "cloud_composer_connection_subnetwork": "",
                    "cloud_composer_network_ipv4_cidr_block": "",
                    "cloud_sql_ipv4_cidr_block": "10.0.0.0/12",
                    "enable_private_endpoint": false,
                    "master_ipv4_cidr_block": "",
                    "web_server_ipv4_cidr_block": "172.31.245.0/24"
                  }
                ],
                "software_config": [
                  {
                    "airflow_config_overrides": {},
                    "env_variables": {},
                    "image_version": "composer-1.18.3-airflow-1.10.15",
                    "pypi_packages": {},
                    "python_version": "3",
                    "scheduler_count": 1
                  }
                ],
                "web_server_config": [
                  {
                    "machine_type": "composer-n1-webserver-2"
                  }
                ],
                "web_server_network_access_control": [
                  {
                    "allowed_ip_range": [
                      {
                        "description": "Allows access from all IPv4 addresses (default value)",
                        "value": "0.0.0.0/0"
                      },
                      {
                        "description": "Allows access from all IPv6 addresses (default value)",
                        "value": "::0/0"
                      }
                    ]
                  }
                ],
                "workloads_config": [
                  {
                    "scheduler": [
                      {
                        "count": null,
                        "cpu": null,
                        "memory_gb": null,
                        "storage_gb": null
                      }
                    ],
                    "web_server": [
                      {
                        "cpu": null,
                        "memory_gb": null,
                        "storage_gb": null
                      }
                    ],
                    "worker": [
                      {
                        "cpu": null,
                        "max_count": null,
                        "memory_gb": null,
                        "min_count": null,
                        "storage_gb": null
                      }
                    ]
                  }
                ]
              }
            ],
            "id": "projects/fiapterraform/locations/us-central1/environments/example-composer-env",
            "labels": null,
            "name": "example-composer-env",
            "project": "fiapterraform",
            "region": "us-central1",
            "timeouts": null
          },
          "sensitive_attributes": [],
          "private": "eyJlMmJmYjczMC1lY2FhLTExZTYtOGY4OC0zNDM2M2JjN2M0YzAiOnsiY3JlYXRlIjo3MjAwMDAwMDAwMDAwLCJkZWxldGUiOjE4MDAwMDAwMDAwMDAsInVwZGF0ZSI6NzIwMDAwMDAwMDAwMH19"
        }
      ]
    }
  ]
}
